
Microsoft Visual Studio Solution File, Format Version 12.00
# Visual Studio 15
Project("{FAE04EC0-301F-11D3-BF4B-00C04F79EFBC}") = "UnityEngine.TestRunner", "UnityEngine.TestRunner.csproj", "{8B2A14C0-AFFD-D6BF-6A40-50218903ED9B}"
EndProject
Project("{FAE04EC0-301F-11D3-BF4B-00C04F79EFBC}") = "Unity.Mathematics", "Unity.Mathematics.csproj", "{24958D67-E3A1-DAAA-C52E-B13E8314E924}"
EndProject
Project("{FAE04EC0-301F-11D3-BF4B-00C04F79EFBC}") = "Unity.2D.Animation.Triangle.Runtime", "Unity.2D.Animation.Triangle.Runtime.csproj", "{1408349D-8DD1-6FE0-69AE-690B5425168B}"
EndProject
Project("{FAE04EC0-301F-11D3-BF4B-00C04F79EFBC}") = "Unity.Timeline", "Unity.Timeline.csproj", "{BEAD5CAD-206F-7A6C-0AC4-CDA5482EEEF5}"
EndProject
Project("{FAE04EC0-301F-11D3-BF4B-00C04F79EFBC}") = "UnityEngine.UI", "UnityEngine.UI.csproj", "{01FC349B-DAE1-6922-9032-2CA03424616B}"
EndProject
Project("{FAE04EC0-301F-11D3-BF4B-00C04F79EFBC}") = "Unity.TextMeshPro", "Unity.TextMeshPro.csproj", "{8AB5EA73-A840-4FE0-DF33-B3BD2AE05FD6}"
EndProject
Project("{FAE04EC0-301F-11D3-BF4B-00C04F79EFBC}") = "Unity.2D.Animation.Runtime", "Unity.2D.Animation.Runtime.csproj", "{372D1073-DB53-5E4F-CC61-233BC38CA86C}"
EndProject
Project("{FAE04EC0-301F-11D3-BF4B-00C04F79EFBC}") = "Unity.2D.IK.Runtime", "Unity.2D.IK.Runtime.csproj", "{86B467BE-899E-3E5D-DE2C-0FC75BD2FEA8}"
EndProject
Project("{FAE04EC0-301F-11D3-BF4B-00C04F79EFBC}") = "Unity.2D.SpriteShape.Runtime", "Unity.2D.SpriteShape.Runtime.csproj", "{6D9A989B-DC29-E6DC-5CB0-FE3AF645DAA6}"
EndProject
Project("{FAE04EC0-301F-11D3-BF4B-00C04F79EFBC}") = "Assembly-CSharp", "Assembly-CSharp.csproj", "{2ADFCB90-8F00-A4B6-2B86-3B471D9BE4DD}"
EndProject
Project("{FAE04EC0-301F-11D3-BF4B-00C04F79EFBC}") = "Unity.2D.PixelPerfect", "Unity.2D.PixelPerfect.csproj", "{3B0043C4-34FF-738B-C427-45597DD8920E}"
EndProject
Project("{FAE04EC0-301F-11D3-BF4B-00C04F79EFBC}") = "Unity.2D.Common.Runtime", "Unity.2D.Common.Runtime.csproj", "{7469EAAB-80C9-FD5A-A658-057E9CD32EA8}"
EndProject
Project("{FAE04EC0-301F-11D3-BF4B-00C04F79EFBC}") = "Unity.InternalAPIEngineBridge.001", "Unity.InternalAPIEngineBridge.001.csproj", "{3915E9B5-2F12-C365-B73A-DB8222FA8A52}"
EndProject
Project("{FAE04EC0-301F-11D3-BF4B-00C04F79EFBC}") = "UnityEditor.TestRunner", "UnityEditor.TestRunner.csproj", "{97FB79F2-17CF-975E-13EB-84BE69314451}"
EndProject
Project("{FAE04EC0-301F-11D3-BF4B-00C04F79EFBC}") = "Unity.PlasticSCM.Editor", "Unity.PlasticSCM.Editor.csproj", "{A0DEBFD8-6684-357B-D287-A109753D3EB5}"
EndProject
Project("{FAE04EC0-301F-11D3-BF4B-00C04F79EFBC}") = "UnityEditor.UI", "UnityEditor.UI.csproj", "{CC1BD6A0-2EF9-7C9D-EB5A-031B2D9BBD76}"
EndProject
Project("{FAE04EC0-301F-11D3-BF4B-00C04F79EFBC}") = "Unity.Timeline.Editor", "Unity.Timeline.Editor.csproj", "{FA33A4FC-DE5C-1483-E34E-961862564848}"
EndProject
Project("{FAE04EC0-301F-11D3-BF4B-00C04F79EFBC}") = "Unity.VisualStudio.Editor", "Unity.VisualStudio.Editor.csproj", "{17C18FF9-F670-A2F8-4E53-CF5704080FAA}"
EndProject
Project("{FAE04EC0-301F-11D3-BF4B-00C04F79EFBC}") = "Unity.2D.Psdimporter.Editor", "Unity.2D.Psdimporter.Editor.csproj", "{5715895A-623D-3FED-FD15-848D2A2C2D22}"
EndProject
Project("{FAE04EC0-301F-11D3-BF4B-00C04F79EFBC}") = "Unity.2D.Animation.Editor", "Unity.2D.Animation.Editor.csproj", "{DFD3ED1C-6C71-B893-5BF6-5DD683AFF0D7}"
EndProject
Project("{FAE04EC0-301F-11D3-BF4B-00C04F79EFBC}") = "Unity.TextMeshPro.Editor", "Unity.TextMeshPro.Editor.csproj", "{7A04766D-F6E7-123C-49A5-38FA13191927}"
EndProject
Project("{FAE04EC0-301F-11D3-BF4B-00C04F79EFBC}") = "Unity.2D.SpriteShape.Editor", "Unity.2D.SpriteShape.Editor.csproj", "{9EE40858-2F04-F28C-074B-6C3FAF93460D}"
EndProject
Project("{FAE04EC0-301F-11D3-BF4B-00C04F79EFBC}") = "Unity.CollabProxy.Editor", "Unity.CollabProxy.Editor.csproj", "{7B44547E-9850-DF68-5CF2-C0C2272BEE3E}"
EndProject
Project("{FAE04EC0-301F-11D3-BF4B-00C04F79EFBC}") = "PsdPlugin", "PsdPlugin.csproj", "{3AD81151-237C-C0E0-C75B-2E48E115514D}"
EndProject
Project("{FAE04EC0-301F-11D3-BF4B-00C04F79EFBC}") = "Unity.2D.Path.Editor", "Unity.2D.Path.Editor.csproj", "{CCDEEE0A-2A3D-A34B-0573-6A7E3F2DD8EC}"
EndProject
Project("{FAE04EC0-301F-11D3-BF4B-00C04F79EFBC}") = "Unity.Rider.Editor", "Unity.Rider.Editor.csproj", "{566F4445-0544-307A-6D72-F574ED745A03}"
EndProject
Project("{FAE04EC0-301F-11D3-BF4B-00C04F79EFBC}") = "Unity.2D.IK.Editor", "Unity.2D.IK.Editor.csproj", "{5CE03A14-33E5-81EC-6105-E066D8517E00}"
EndProject
Project("{FAE04EC0-301F-11D3-BF4B-00C04F79EFBC}") = "Unity.2D.Sprite.Editor", "Unity.2D.Sprite.Editor.csproj", "{419B20CE-32ED-65C5-655C-51E094268714}"
EndProject
Project("{FAE04EC0-301F-11D3-BF4B-00C04F79EFBC}") = "Unity.2D.Tilemap.Editor", "Unity.2D.Tilemap.Editor.csproj", "{A813E760-3A34-FB1F-F051-0A2F440E9072}"
EndProject
Project("{FAE04EC0-301F-11D3-BF4B-00C04F79EFBC}") = "Unity.2D.PixelPerfect.Editor", "Unity.2D.PixelPerfect.Editor.csproj", "{C511D657-453A-AD1E-307F-A5B6B35F1D91}"
EndProject
Project("{FAE04EC0-301F-11D3-BF4B-00C04F79EFBC}") = "Unity.VSCode.Editor", "Unity.VSCode.Editor.csproj", "{2BD8AD02-E22B-0EB2-760E-5D343FD43AA4}"
EndProject
Project("{FAE04EC0-301F-11D3-BF4B-00C04F79EFBC}") = "Unity.2D.Common.Editor", "Unity.2D.Common.Editor.csproj", "{770F5010-7B89-6596-63EA-A4AABE4D8B2D}"
EndProject
Project("{FAE04EC0-301F-11D3-BF4B-00C04F79EFBC}") = "Unity.Mathematics.Editor", "Unity.Mathematics.Editor.csproj", "{1317A626-3816-0CC6-13D8-F683FE5D9AB8}"
EndProject
Project("{FAE04EC0-301F-11D3-BF4B-00C04F79EFBC}") = "Unity.InternalAPIEditorBridge.001", "Unity.InternalAPIEditorBridge.001.csproj", "{506F8667-E1D4-15A2-3123-5F6D1E3B8CFD}"
EndProject
Project("{FAE04EC0-301F-11D3-BF4B-00C04F79EFBC}") = "UnityEngine.TestRunner", "UnityEngine.TestRunner.Player.csproj", "{D5A7682F-2274-33E4-6F80-95BF1841FCEF}"
EndProject
Project("{FAE04EC0-301F-11D3-BF4B-00C04F79EFBC}") = "Unity.Mathematics", "Unity.Mathematics.Player.csproj", "{B39B5DF8-3356-3131-F999-FDC19D56D163}"
EndProject
Project("{FAE04EC0-301F-11D3-BF4B-00C04F79EFBC}") = "Unity.2D.Animation.Triangle.Runtime", "Unity.2D.Animation.Triangle.Runtime.Player.csproj", "{D611867D-A524-AC3C-13E5-1BDB869CC87A}"
EndProject
Project("{FAE04EC0-301F-11D3-BF4B-00C04F79EFBC}") = "Unity.Timeline", "Unity.Timeline.Player.csproj", "{A3C45A5B-C62E-EE4A-A7E0-70096598FF14}"
EndProject
Project("{FAE04EC0-301F-11D3-BF4B-00C04F79EFBC}") = "UnityEngine.UI", "UnityEngine.UI.Player.csproj", "{390AD912-243D-1164-1582-2548874E0F84}"
EndProject
Project("{FAE04EC0-301F-11D3-BF4B-00C04F79EFBC}") = "Unity.TextMeshPro", "Unity.TextMeshPro.Player.csproj", "{DBD5DCF8-E88C-D86E-7F98-089E303F5610}"
EndProject
Project("{FAE04EC0-301F-11D3-BF4B-00C04F79EFBC}") = "Unity.2D.Animation.Runtime", "Unity.2D.Animation.Runtime.Player.csproj", "{8047CB2A-6366-4818-DF47-6F8D3DA49EE5}"
EndProject
Project("{FAE04EC0-301F-11D3-BF4B-00C04F79EFBC}") = "Unity.2D.IK.Runtime", "Unity.2D.IK.Runtime.Player.csproj", "{2C4219C2-B21A-2083-DD5A-E02F734A0E93}"
EndProject
Project("{FAE04EC0-301F-11D3-BF4B-00C04F79EFBC}") = "Unity.2D.SpriteShape.Runtime", "Unity.2D.SpriteShape.Runtime.Player.csproj", "{723D8354-E1FC-E908-8B45-1049F3233B54}"
EndProject
Project("{FAE04EC0-301F-11D3-BF4B-00C04F79EFBC}") = "Assembly-CSharp", "Assembly-CSharp.Player.csproj", "{22AAB0C1-3C2A-5F99-0975-C1B6841845AA}"
EndProject
Project("{FAE04EC0-301F-11D3-BF4B-00C04F79EFBC}") = "Unity.2D.PixelPerfect", "Unity.2D.PixelPerfect.Player.csproj", "{1F764C30-F9DC-FF9D-A9F3-D3447C343E1A}"
EndProject
Project("{FAE04EC0-301F-11D3-BF4B-00C04F79EFBC}") = "Unity.2D.Common.Runtime", "Unity.2D.Common.Runtime.Player.csproj", "{9BF270BF-AD86-DC07-0E40-0B671040C1D6}"
EndProject
Project("{FAE04EC0-301F-11D3-BF4B-00C04F79EFBC}") = "Unity.InternalAPIEngineBridge.001", "Unity.InternalAPIEngineBridge.001.Player.csproj", "{E713B0E9-BF8A-044A-3872-BEC35F39D8C5}"
EndProject
Global
	GlobalSection(SolutionConfigurationPlatforms) = preSolution
		Debug|Any CPU = Debug|Any CPU
		Release|Any CPU = Release|Any CPU
	EndGlobalSection
	GlobalSection(ProjectConfigurationPlatforms) = postSolution
		{8B2A14C0-AFFD-D6BF-6A40-50218903ED9B}.Debug|Any CPU.ActiveCfg = Debug|Any CPU
		{8B2A14C0-AFFD-D6BF-6A40-50218903ED9B}.Debug|Any CPU.Build.0 = Debug|Any CPU
		{8B2A14C0-AFFD-D6BF-6A40-50218903ED9B}.Release|Any CPU.ActiveCfg = Release|Any CPU
		{8B2A14C0-AFFD-D6BF-6A40-50218903ED9B}.Release|Any CPU.Build.0 = Release|Any CPU
		{24958D67-E3A1-DAAA-C52E-B13E8314E924}.Debug|Any CPU.ActiveCfg = Debug|Any CPU
		{24958D67-E3A1-DAAA-C52E-B13E8314E924}.Debug|Any CPU.Build.0 = Debug|Any CPU
		{24958D67-E3A1-DAAA-C52E-B13E8314E924}.Release|Any CPU.ActiveCfg = Release|Any CPU
		{24958D67-E3A1-DAAA-C52E-B13E8314E924}.Release|Any CPU.Build.0 = Release|Any CPU
		{1408349D-8DD1-6FE0-69AE-690B5425168B}.Debug|Any CPU.ActiveCfg = Debug|Any CPU
		{1408349D-8DD1-6FE0-69AE-690B5425168B}.Debug|Any CPU.Build.0 = Debug|Any CPU
		{1408349D-8DD1-6FE0-69AE-690B5425168B}.Release|Any CPU.ActiveCfg = Release|Any CPU
		{1408349D-8DD1-6FE0-69AE-690B5425168B}.Release|Any CPU.Build.0 = Release|Any CPU
		{BEAD5CAD-206F-7A6C-0AC4-CDA5482EEEF5}.Debug|Any CPU.ActiveCfg = Debug|Any CPU
		{BEAD5CAD-206F-7A6C-0AC4-CDA5482EEEF5}.Debug|Any CPU.Build.0 = Debug|Any CPU
		{BEAD5CAD-206F-7A6C-0AC4-CDA5482EEEF5}.Release|Any CPU.ActiveCfg = Release|Any CPU
		{BEAD5CAD-206F-7A6C-0AC4-CDA5482EEEF5}.Release|Any CPU.Build.0 = Release|Any CPU
		{01FC349B-DAE1-6922-9032-2CA03424616B}.Debug|Any CPU.ActiveCfg = Debug|Any CPU
		{01FC349B-DAE1-6922-9032-2CA03424616B}.Debug|Any CPU.Build.0 = Debug|Any CPU
		{01FC349B-DAE1-6922-9032-2CA03424616B}.Release|Any CPU.ActiveCfg = Release|Any CPU
		{01FC349B-DAE1-6922-9032-2CA03424616B}.Release|Any CPU.Build.0 = Release|Any CPU
		{8AB5EA73-A840-4FE0-DF33-B3BD2AE05FD6}.Debug|Any CPU.ActiveCfg = Debug|Any CPU
		{8AB5EA73-A840-4FE0-DF33-B3BD2AE05FD6}.Debug|Any CPU.Build.0 = Debug|Any CPU
		{8AB5EA73-A840-4FE0-DF33-B3BD2AE05FD6}.Release|Any CPU.ActiveCfg = Release|Any CPU
		{8AB5EA73-A840-4FE0-DF33-B3BD2AE05FD6}.Release|Any CPU.Build.0 = Release|Any CPU
		{372D1073-DB53-5E4F-CC61-233BC38CA86C}.Debug|Any CPU.ActiveCfg = Debug|Any CPU
		{372D1073-DB53-5E4F-CC61-233BC38CA86C}.Debug|Any CPU.Build.0 = Debug|Any CPU
		{372D1073-DB53-5E4F-CC61-233BC38CA86C}.Release|Any CPU.ActiveCfg = Release|Any CPU
		{372D1073-DB53-5E4F-CC61-233BC38CA86C}.Release|Any CPU.Build.0 = Release|Any CPU
		{86B467BE-899E-3E5D-DE2C-0FC75BD2FEA8}.Debug|Any CPU.ActiveCfg = Debug|Any CPU
		{86B467BE-899E-3E5D-DE2C-0FC75BD2FEA8}.Debug|Any CPU.Build.0 = Debug|Any CPU
		{86B467BE-899E-3E5D-DE2C-0FC75BD2FEA8}.Release|Any CPU.ActiveCfg = Release|Any CPU
		{86B467BE-899E-3E5D-DE2C-0FC75BD2FEA8}.Release|Any CPU.Build.0 = Release|Any CPU
		{6D9A989B-DC29-E6DC-5CB0-FE3AF645DAA6}.Debug|Any CPU.ActiveCfg = Debug|Any CPU
		{6D9A989B-DC29-E6DC-5CB0-FE3AF645DAA6}.Debug|Any CPU.Build.0 = Debug|Any CPU
		{6D9A989B-DC29-E6DC-5CB0-FE3AF645DAA6}.Release|Any CPU.ActiveCfg = Release|Any CPU
		{6D9A989B-DC29-E6DC-5CB0-FE3AF645DAA6}.Release|Any CPU.Build.0 = Release|Any CPU
		{2ADFCB90-8F00-A4B6-2B86-3B471D9BE4DD}.Debug|Any CPU.ActiveCfg = Debug|Any CPU
		{2ADFCB90-8F00-A4B6-2B86-3B471D9BE4DD}.Debug|Any CPU.Build.0 = Debug|Any CPU
		{2ADFCB90-8F00-A4B6-2B86-3B471D9BE4DD}.Release|Any CPU.ActiveCfg = Release|Any CPU
		{2ADFCB90-8F00-A4B6-2B86-3B471D9BE4DD}.Release|Any CPU.Build.0 = Release|Any CPU
		{3B0043C4-34FF-738B-C427-45597DD8920E}.Debug|Any CPU.ActiveCfg = Debug|Any CPU
		{3B0043C4-34FF-738B-C427-45597DD8920E}.Debug|Any CPU.Build.0 = Debug|Any CPU
		{3B0043C4-34FF-738B-C427-45597DD8920E}.Release|Any CPU.ActiveCfg = Release|Any CPU
		{3B0043C4-34FF-738B-C427-45597DD8920E}.Release|Any CPU.Build.0 = Release|Any CPU
		{7469EAAB-80C9-FD5A-A658-057E9CD32EA8}.Debug|Any CPU.ActiveCfg = Debug|Any CPU
		{7469EAAB-80C9-FD5A-A658-057E9CD32EA8}.Debug|Any CPU.Build.0 = Debug|Any CPU
		{7469EAAB-80C9-FD5A-A658-057E9CD32EA8}.Release|Any CPU.ActiveCfg = Release|Any CPU
		{7469EAAB-80C9-FD5A-A658-057E9CD32EA8}.Release|Any CPU.Build.0 = Release|Any CPU
		{3915E9B5-2F12-C365-B73A-DB8222FA8A52}.Debug|Any CPU.ActiveCfg = Debug|Any CPU
		{3915E9B5-2F12-C365-B73A-DB8222FA8A52}.Debug|Any CPU.Build.0 = Debug|Any CPU
		{3915E9B5-2F12-C365-B73A-DB8222FA8A52}.Release|Any CPU.ActiveCfg = Release|Any CPU
		{3915E9B5-2F12-C365-B73A-DB8222FA8A52}.Release|Any CPU.Build.0 = Release|Any CPU
		{97FB79F2-17CF-975E-13EB-84BE69314451}.Debug|Any CPU.ActiveCfg = Debug|Any CPU
		{97FB79F2-17CF-975E-13EB-84BE69314451}.Debug|Any CPU.Build.0 = Debug|Any CPU
		{97FB79F2-17CF-975E-13EB-84BE69314451}.Release|Any CPU.ActiveCfg = Release|Any CPU
		{97FB79F2-17CF-975E-13EB-84BE69314451}.Release|Any CPU.Build.0 = Release|Any CPU
		{A0DEBFD8-6684-357B-D287-A109753D3EB5}.Debug|Any CPU.ActiveCfg = Debug|Any CPU
		{A0DEBFD8-6684-357B-D287-A109753D3EB5}.Debug|Any CPU.Build.0 = Debug|Any CPU
		{A0DEBFD8-6684-357B-D287-A109753D3EB5}.Release|Any CPU.ActiveCfg = Release|Any CPU
		{A0DEBFD8-6684-357B-D287-A109753D3EB5}.Release|Any CPU.Build.0 = Release|Any CPU
		{CC1BD6A0-2EF9-7C9D-EB5A-031B2D9BBD76}.Debug|Any CPU.ActiveCfg = Debug|Any CPU
		{CC1BD6A0-2EF9-7C9D-EB5A-031B2D9BBD76}.Debug|Any CPU.Build.0 = Debug|Any CPU
		{CC1BD6A0-2EF9-7C9D-EB5A-031B2D9BBD76}.Release|Any CPU.ActiveCfg = Release|Any CPU
		{CC1BD6A0-2EF9-7C9D-EB5A-031B2D9BBD76}.Release|Any CPU.Build.0 = Release|Any CPU
		{FA33A4FC-DE5C-1483-E34E-961862564848}.Debug|Any CPU.ActiveCfg = Debug|Any CPU
		{FA33A4FC-DE5C-1483-E34E-961862564848}.Debug|Any CPU.Build.0 = Debug|Any CPU
		{FA33A4FC-DE5C-1483-E34E-961862564848}.Release|Any CPU.ActiveCfg = Release|Any CPU
		{FA33A4FC-DE5C-1483-E34E-961862564848}.Release|Any CPU.Build.0 = Release|Any CPU
		{17C18FF9-F670-A2F8-4E53-CF5704080FAA}.Debug|Any CPU.ActiveCfg = Debug|Any CPU
		{17C18FF9-F670-A2F8-4E53-CF5704080FAA}.Debug|Any CPU.Build.0 = Debug|Any CPU
		{17C18FF9-F670-A2F8-4E53-CF5704080FAA}.Release|Any CPU.ActiveCfg = Release|Any CPU
		{17C18FF9-F670-A2F8-4E53-CF5704080FAA}.Release|Any CPU.Build.0 = Release|Any CPU
		{5715895A-623D-3FED-FD15-848D2A2C2D22}.Debug|Any CPU.ActiveCfg = Debug|Any CPU
		{5715895A-623D-3FED-FD15-848D2A2C2D22}.Debug|Any CPU.Build.0 = Debug|Any CPU
		{5715895A-623D-3FED-FD15-848D2A2C2D22}.Release|Any CPU.ActiveCfg = Release|Any CPU
		{5715895A-623D-3FED-FD15-848D2A2C2D22}.Release|Any CPU.Build.0 = Release|Any CPU
		{DFD3ED1C-6C71-B893-5BF6-5DD683AFF0D7}.Debug|Any CPU.ActiveCfg = Debug|Any CPU
		{DFD3ED1C-6C71-B893-5BF6-5DD683AFF0D7}.Debug|Any CPU.Build.0 = Debug|Any CPU
		{DFD3ED1C-6C71-B893-5BF6-5DD683AFF0D7}.Release|Any CPU.ActiveCfg = Release|Any CPU
		{DFD3ED1C-6C71-B893-5BF6-5DD683AFF0D7}.Release|Any CPU.Build.0 = Release|Any CPU
		{7A04766D-F6E7-123C-49A5-38FA13191927}.Debug|Any CPU.ActiveCfg = Debug|Any CPU
		{7A04766D-F6E7-123C-49A5-38FA13191927}.Debug|Any CPU.Build.0 = Debug|Any CPU
		{7A04766D-F6E7-123C-49A5-38FA13191927}.Release|Any CPU.ActiveCfg = Release|Any CPU
		{7A04766D-F6E7-123C-49A5-38FA13191927}.Release|Any CPU.Build.0 = Release|Any CPU
		{9EE40858-2F04-F28C-074B-6C3FAF93460D}.Debug|Any CPU.ActiveCfg = Debug|Any CPU
		{9EE40858-2F04-F28C-074B-6C3FAF93460D}.Debug|Any CPU.Build.0 = Debug|Any CPU
		{9EE40858-2F04-F28C-074B-6C3FAF93460D}.Release|Any CPU.ActiveCfg = Release|Any CPU
		{9EE40858-2F04-F28C-074B-6C3FAF93460D}.Release|Any CPU.Build.0 = Release|Any CPU
		{7B44547E-9850-DF68-5CF2-C0C2272BEE3E}.Debug|Any CPU.ActiveCfg = Debug|Any CPU
		{7B44547E-9850-DF68-5CF2-C0C2272BEE3E}.Debug|Any CPU.Build.0 = Debug|Any CPU
		{7B44547E-9850-DF68-5CF2-C0C2272BEE3E}.Release|Any CPU.ActiveCfg = Release|Any CPU
		{7B44547E-9850-DF68-5CF2-C0C2272BEE3E}.Release|Any CPU.Build.0 = Release|Any CPU
		{3AD81151-237C-C0E0-C75B-2E48E115514D}.Debug|Any CPU.ActiveCfg = Debug|Any CPU
		{3AD81151-237C-C0E0-C75B-2E48E115514D}.Debug|Any CPU.Build.0 = Debug|Any CPU
		{3AD81151-237C-C0E0-C75B-2E48E115514D}.Release|Any CPU.ActiveCfg = Release|Any CPU
		{3AD81151-237C-C0E0-C75B-2E48E115514D}.Release|Any CPU.Build.0 = Release|Any CPU
		{CCDEEE0A-2A3D-A34B-0573-6A7E3F2DD8EC}.Debug|Any CPU.ActiveCfg = Debug|Any CPU
		{CCDEEE0A-2A3D-A34B-0573-6A7E3F2DD8EC}.Debug|Any CPU.Build.0 = Debug|Any CPU
		{CCDEEE0A-2A3D-A34B-0573-6A7E3F2DD8EC}.Release|Any CPU.ActiveCfg = Release|Any CPU
		{CCDEEE0A-2A3D-A34B-0573-6A7E3F2DD8EC}.Release|Any CPU.Build.0 = Release|Any CPU
		{566F4445-0544-307A-6D72-F574ED745A03}.Debug|Any CPU.ActiveCfg = Debug|Any CPU
		{566F4445-0544-307A-6D72-F574ED745A03}.Debug|Any CPU.Build.0 = Debug|Any CPU
		{566F4445-0544-307A-6D72-F574ED745A03}.Release|Any CPU.ActiveCfg = Release|Any CPU
		{566F4445-0544-307A-6D72-F574ED745A03}.Release|Any CPU.Build.0 = Release|Any CPU
		{5CE03A14-33E5-81EC-6105-E066D8517E00}.Debug|Any CPU.ActiveCfg = Debug|Any CPU
		{5CE03A14-33E5-81EC-6105-E066D8517E00}.Debug|Any CPU.Build.0 = Debug|Any CPU
		{5CE03A14-33E5-81EC-6105-E066D8517E00}.Release|Any CPU.ActiveCfg = Release|Any CPU
		{5CE03A14-33E5-81EC-6105-E066D8517E00}.Release|Any CPU.Build.0 = Release|Any CPU
		{419B20CE-32ED-65C5-655C-51E094268714}.Debug|Any CPU.ActiveCfg = Debug|Any CPU
		{419B20CE-32ED-65C5-655C-51E094268714}.Debug|Any CPU.Build.0 = Debug|Any CPU
		{419B20CE-32ED-65C5-655C-51E094268714}.Release|Any CPU.ActiveCfg = Release|Any CPU
		{419B20CE-32ED-65C5-655C-51E094268714}.Release|Any CPU.Build.0 = Release|Any CPU
		{A813E760-3A34-FB1F-F051-0A2F440E9072}.Debug|Any CPU.ActiveCfg = Debug|Any CPU
		{A813E760-3A34-FB1F-F051-0A2F440E9072}.Debug|Any CPU.Build.0 = Debug|Any CPU
		{A813E760-3A34-FB1F-F051-0A2F440E9072}.Release|Any CPU.ActiveCfg = Release|Any CPU
		{A813E760-3A34-FB1F-F051-0A2F440E9072}.Release|Any CPU.Build.0 = Release|Any CPU
		{C511D657-453A-AD1E-307F-A5B6B35F1D91}.Debug|Any CPU.ActiveCfg = Debug|Any CPU
		{C511D657-453A-AD1E-307F-A5B6B35F1D91}.Debug|Any CPU.Build.0 = Debug|Any CPU
		{C511D657-453A-AD1E-307F-A5B6B35F1D91}.Release|Any CPU.ActiveCfg = Release|Any CPU
		{C511D657-453A-AD1E-307F-A5B6B35F1D91}.Release|Any CPU.Build.0 = Release|Any CPU
		{2BD8AD02-E22B-0EB2-760E-5D343FD43AA4}.Debug|Any CPU.ActiveCfg = Debug|Any CPU
		{2BD8AD02-E22B-0EB2-760E-5D343FD43AA4}.Debug|Any CPU.Build.0 = Debug|Any CPU
		{2BD8AD02-E22B-0EB2-760E-5D343FD43AA4}.Release|Any CPU.ActiveCfg = Release|Any CPU
		{2BD8AD02-E22B-0EB2-760E-5D343FD43AA4}.Release|Any CPU.Build.0 = Release|Any CPU
		{770F5010-7B89-6596-63EA-A4AABE4D8B2D}.Debug|Any CPU.ActiveCfg = Debug|Any CPU
		{770F5010-7B89-6596-63EA-A4AABE4D8B2D}.Debug|Any CPU.Build.0 = Debug|Any CPU
		{770F5010-7B89-6596-63EA-A4AABE4D8B2D}.Release|Any CPU.ActiveCfg = Release|Any CPU
		{770F5010-7B89-6596-63EA-A4AABE4D8B2D}.Release|Any CPU.Build.0 = Release|Any CPU
		{1317A626-3816-0CC6-13D8-F683FE5D9AB8}.Debug|Any CPU.ActiveCfg = Debug|Any CPU
		{1317A626-3816-0CC6-13D8-F683FE5D9AB8}.Debug|Any CPU.Build.0 = Debug|Any CPU
		{1317A626-3816-0CC6-13D8-F683FE5D9AB8}.Release|Any CPU.ActiveCfg = Release|Any CPU
		{1317A626-3816-0CC6-13D8-F683FE5D9AB8}.Release|Any CPU.Build.0 = Release|Any CPU
		{506F8667-E1D4-15A2-3123-5F6D1E3B8CFD}.Debug|Any CPU.ActiveCfg = Debug|Any CPU
		{506F8667-E1D4-15A2-3123-5F6D1E3B8CFD}.Debug|Any CPU.Build.0 = Debug|Any CPU
		{506F8667-E1D4-15A2-3123-5F6D1E3B8CFD}.Release|Any CPU.ActiveCfg = Release|Any CPU
		{506F8667-E1D4-15A2-3123-5F6D1E3B8CFD}.Release|Any CPU.Build.0 = Release|Any CPU
		{D5A7682F-2274-33E4-6F80-95BF1841FCEF}.Debug|Any CPU.ActiveCfg = Debug|Any CPU
		{D5A7682F-2274-33E4-6F80-95BF1841FCEF}.Debug|Any CPU.Build.0 = Debug|Any CPU
		{D5A7682F-2274-33E4-6F80-95BF1841FCEF}.Release|Any CPU.ActiveCfg = Release|Any CPU
		{D5A7682F-2274-33E4-6F80-95BF1841FCEF}.Release|Any CPU.Build.0 = Release|Any CPU
		{B39B5DF8-3356-3131-F999-FDC19D56D163}.Debug|Any CPU.ActiveCfg = Debug|Any CPU
		{B39B5DF8-3356-3131-F999-FDC19D56D163}.Debug|Any CPU.Build.0 = Debug|Any CPU
		{B39B5DF8-3356-3131-F999-FDC19D56D163}.Release|Any CPU.ActiveCfg = Release|Any CPU
		{B39B5DF8-3356-3131-F999-FDC19D56D163}.Release|Any CPU.Build.0 = Release|Any CPU
		{D611867D-A524-AC3C-13E5-1BDB869CC87A}.Debug|Any CPU.ActiveCfg = Debug|Any CPU
		{D611867D-A524-AC3C-13E5-1BDB869CC87A}.Debug|Any CPU.Build.0 = Debug|Any CPU
		{D611867D-A524-AC3C-13E5-1BDB869CC87A}.Release|Any CPU.ActiveCfg = Release|Any CPU
		{D611867D-A524-AC3C-13E5-1BDB869CC87A}.Release|Any CPU.Build.0 = Release|Any CPU
		{A3C45A5B-C62E-EE4A-A7E0-70096598FF14}.Debug|Any CPU.ActiveCfg = Debug|Any CPU
		{A3C45A5B-C62E-EE4A-A7E0-70096598FF14}.Debug|Any CPU.Build.0 = Debug|Any CPU
		{A3C45A5B-C62E-EE4A-A7E0-70096598FF14}.Release|Any CPU.ActiveCfg = Release|Any CPU
		{A3C45A5B-C62E-EE4A-A7E0-70096598FF14}.Release|Any CPU.Build.0 = Release|Any CPU
		{390AD912-243D-1164-1582-2548874E0F84}.Debug|Any CPU.ActiveCfg = Debug|Any CPU
		{390AD912-243D-1164-1582-2548874E0F84}.Debug|Any CPU.Build.0 = Debug|Any CPU
		{390AD912-243D-1164-1582-2548874E0F84}.Release|Any CPU.ActiveCfg = Release|Any CPU
		{390AD912-243D-1164-1582-2548874E0F84}.Release|Any CPU.Build.0 = Release|Any CPU
		{DBD5DCF8-E88C-D86E-7F98-089E303F5610}.Debug|Any CPU.ActiveCfg = Debug|Any CPU
		{DBD5DCF8-E88C-D86E-7F98-089E303F5610}.Debug|Any CPU.Build.0 = Debug|Any CPU
		{DBD5DCF8-E88C-D86E-7F98-089E303F5610}.Release|Any CPU.ActiveCfg = Release|Any CPU
		{DBD5DCF8-E88C-D86E-7F98-089E303F5610}.Release|Any CPU.Build.0 = Release|Any CPU
		{8047CB2A-6366-4818-DF47-6F8D3DA49EE5}.Debug|Any CPU.ActiveCfg = Debug|Any CPU
		{8047CB2A-6366-4818-DF47-6F8D3DA49EE5}.Debug|Any CPU.Build.0 = Debug|Any CPU
		{8047CB2A-6366-4818-DF47-6F8D3DA49EE5}.Release|Any CPU.ActiveCfg = Release|Any CPU
		{8047CB2A-6366-4818-DF47-6F8D3DA49EE5}.Release|Any CPU.Build.0 = Release|Any CPU
		{2C4219C2-B21A-2083-DD5A-E02F734A0E93}.Debug|Any CPU.ActiveCfg = Debug|Any CPU
		{2C4219C2-B21A-2083-DD5A-E02F734A0E93}.Debug|Any CPU.Build.0 = Debug|Any CPU
		{2C4219C2-B21A-2083-DD5A-E02F734A0E93}.Release|Any CPU.ActiveCfg = Release|Any CPU
		{2C4219C2-B21A-2083-DD5A-E02F734A0E93}.Release|Any CPU.Build.0 = Release|Any CPU
		{723D8354-E1FC-E908-8B45-1049F3233B54}.Debug|Any CPU.ActiveCfg = Debug|Any CPU
		{723D8354-E1FC-E908-8B45-1049F3233B54}.Debug|Any CPU.Build.0 = Debug|Any CPU
		{723D8354-E1FC-E908-8B45-1049F3233B54}.Release|Any CPU.ActiveCfg = Release|Any CPU
		{723D8354-E1FC-E908-8B45-1049F3233B54}.Release|Any CPU.Build.0 = Release|Any CPU
		{22AAB0C1-3C2A-5F99-0975-C1B6841845AA}.Debug|Any CPU.ActiveCfg = Debug|Any CPU
		{22AAB0C1-3C2A-5F99-0975-C1B6841845AA}.Debug|Any CPU.Build.0 = Debug|Any CPU
		{22AAB0C1-3C2A-5F99-0975-C1B6841845AA}.Release|Any CPU.ActiveCfg = Release|Any CPU
		{22AAB0C1-3C2A-5F99-0975-C1B6841845AA}.Release|Any CPU.Build.0 = Release|Any CPU
		{1F764C30-F9DC-FF9D-A9F3-D3447C343E1A}.Debug|Any CPU.ActiveCfg = Debug|Any CPU
		{1F764C30-F9DC-FF9D-A9F3-D3447C343E1A}.Debug|Any CPU.Build.0 = Debug|Any CPU
		{1F764C30-F9DC-FF9D-A9F3-D3447C343E1A}.Release|Any CPU.ActiveCfg = Release|Any CPU
		{1F764C30-F9DC-FF9D-A9F3-D3447C343E1A}.Release|Any CPU.Build.0 = Release|Any CPU
		{9BF270BF-AD86-DC07-0E40-0B671040C1D6}.Debug|Any CPU.ActiveCfg = Debug|Any CPU
		{9BF270BF-AD86-DC07-0E40-0B671040C1D6}.Debug|Any CPU.Build.0 = Debug|Any CPU
		{9BF270BF-AD86-DC07-0E40-0B671040C1D6}.Release|Any CPU.ActiveCfg = Release|Any CPU
		{9BF270BF-AD86-DC07-0E40-0B671040C1D6}.Release|Any CPU.Build.0 = Release|Any CPU
		{E713B0E9-BF8A-044A-3872-BEC35F39D8C5}.Debug|Any CPU.ActiveCfg = Debug|Any CPU
		{E713B0E9-BF8A-044A-3872-BEC35F39D8C5}.Debug|Any CPU.Build.0 = Debug|Any CPU
		{E713B0E9-BF8A-044A-3872-BEC35F39D8C5}.Release|Any CPU.ActiveCfg = Release|Any CPU
		{E713B0E9-BF8A-044A-3872-BEC35F39D8C5}.Release|Any CPU.Build.0 = Release|Any CPU
	EndGlobalSection
	GlobalSection(SolutionProperties) = preSolution
		HideSolutionNode = FALSE
	EndGlobalSection
EndGlobal
